// !$*UTF8*$!
{
	archiveVersion = 1;
	classes = {
	};
	objectVersion = 50;
	objects = {

/* Begin PBXBuildFile section */
		C9694AD920914C140095A985 /* AppDelegate.swift in Sources */ = {isa = PBXBuildFile; fileRef = C9694AD820914C140095A985 /* AppDelegate.swift */; };
		C9694ADB20914C140095A985 /* ViewController.swift in Sources */ = {isa = PBXBuildFile; fileRef = C9694ADA20914C140095A985 /* ViewController.swift */; };
		C9694ADE20914C140095A985 /* Main.storyboard in Resources */ = {isa = PBXBuildFile; fileRef = C9694ADC20914C140095A985 /* Main.storyboard */; };
		C9694AE020914C140095A985 /* Assets.xcassets in Resources */ = {isa = PBXBuildFile; fileRef = C9694ADF20914C140095A985 /* Assets.xcassets */; };
		C9694AE320914C140095A985 /* LaunchScreen.storyboard in Resources */ = {isa = PBXBuildFile; fileRef = C9694AE120914C140095A985 /* LaunchScreen.storyboard */; };
		C9694AEE20914C150095A985 /* UsefulFunctionsForEveryProjectTests.swift in Sources */ = {isa = PBXBuildFile; fileRef = C9694AED20914C150095A985 /* UsefulFunctionsForEveryProjectTests.swift */; };
		C9694AF920914C150095A985 /* UsefulFunctionsForEveryProjectUITests.swift in Sources */ = {isa = PBXBuildFile; fileRef = C9694AF820914C150095A985 /* UsefulFunctionsForEveryProjectUITests.swift */; };
/* End PBXBuildFile section */

/* Begin PBXContainerItemProxy section */
		C9694AEA20914C150095A985 /* PBXContainerItemProxy */ = {
			isa = PBXContainerItemProxy;
			containerPortal = C9694ACD20914C140095A985 /* Project object */;
			proxyType = 1;
			remoteGlobalIDString = C9694AD420914C140095A985;
			remoteInfo = UsefulFunctionsForEveryProject;
		};
		C9694AF520914C150095A985 /* PBXContainerItemProxy */ = {
			isa = PBXContainerItemProxy;
			containerPortal = C9694ACD20914C140095A985 /* Project object */;
			proxyType = 1;
			remoteGlobalIDString = C9694AD420914C140095A985;
			remoteInfo = UsefulFunctionsForEveryProject;
		};
/* End PBXContainerItemProxy section */

/* Begin PBXFileReference section */
		C9694AD520914C140095A985 /* UsefulFunctionsForEveryProject.app */ = {isa = PBXFileReference; explicitFileType = wrapper.application; includeInIndex = 0; path = UsefulFunctionsForEveryProject.app; sourceTree = BUILT_PRODUCTS_DIR; };
		C9694AD820914C140095A985 /* AppDelegate.swift */ = {isa = PBXFileReference; lastKnownFileType = sourcecode.swift; path = AppDelegate.swift; sourceTree = "<group>"; };
		C9694ADA20914C140095A985 /* ViewController.swift */ = {isa = PBXFileReference; lastKnownFileType = sourcecode.swift; path = ViewController.swift; sourceTree = "<group>"; };
		C9694ADD20914C140095A985 /* Base */ = {isa = PBXFileReference; lastKnownFileType = file.storyboard; name = Base; path = Base.lproj/Main.storyboard; sourceTree = "<group>"; };
		C9694ADF20914C140095A985 /* Assets.xcassets */ = {isa = PBXFileReference; lastKnownFileType = folder.assetcatalog; path = Assets.xcassets; sourceTree = "<group>"; };
		C9694AE220914C140095A985 /* Base */ = {isa = PBXFileReference; lastKnownFileType = file.storyboard; name = Base; path = Base.lproj/LaunchScreen.storyboard; sourceTree = "<group>"; };
		C9694AE420914C140095A985 /* Info.plist */ = {isa = PBXFileReference; lastKnownFileType = text.plist.xml; path = Info.plist; sourceTree = "<group>"; };
		C9694AE920914C150095A985 /* UsefulFunctionsForEveryProjectTests.xctest */ = {isa = PBXFileReference; explicitFileType = wrapper.cfbundle; includeInIndex = 0; path = UsefulFunctionsForEveryProjectTests.xctest; sourceTree = BUILT_PRODUCTS_DIR; };
		C9694AED20914C150095A985 /* UsefulFunctionsForEveryProjectTests.swift */ = {isa = PBXFileReference; lastKnownFileType = sourcecode.swift; path = UsefulFunctionsForEveryProjectTests.swift; sourceTree = "<group>"; };
		C9694AEF20914C150095A985 /* Info.plist */ = {isa = PBXFileReference; lastKnownFileType = text.plist.xml; path = Info.plist; sourceTree = "<group>"; };
		C9694AF420914C150095A985 /* UsefulFunctionsForEveryProjectUITests.xctest */ = {isa = PBXFileReference; explicitFileType = wrapper.cfbundle; includeInIndex = 0; path = UsefulFunctionsForEveryProjectUITests.xctest; sourceTree = BUILT_PRODUCTS_DIR; };
		C9694AF820914C150095A985 /* UsefulFunctionsForEveryProjectUITests.swift */ = {isa = PBXFileReference; lastKnownFileType = sourcecode.swift; path = UsefulFunctionsForEveryProjectUITests.swift; sourceTree = "<group>"; };
		C9694AFA20914C150095A985 /* Info.plist */ = {isa = PBXFileReference; lastKnownFileType = text.plist.xml; path = Info.plist; sourceTree = "<group>"; };
/* End PBXFileReference section */

/* Begin PBXFrameworksBuildPhase section */
		C9694AD220914C140095A985 /* Frameworks */ = {
			isa = PBXFrameworksBuildPhase;
			buildActionMask = 2147483647;
			files = (
			);
			runOnlyForDeploymentPostprocessing = 0;
		};
		C9694AE620914C150095A985 /* Frameworks */ = {
			isa = PBXFrameworksBuildPhase;
			buildActionMask = 2147483647;
			files = (
			);
			runOnlyForDeploymentPostprocessing = 0;
		};
		C9694AF120914C150095A985 /* Frameworks */ = {
			isa = PBXFrameworksBuildPhase;
			buildActionMask = 2147483647;
			files = (
			);
			runOnlyForDeploymentPostprocessing = 0;
		};
/* End PBXFrameworksBuildPhase section */

/* Begin PBXGroup section */
		C9694ACC20914C140095A985 = {
			isa = PBXGroup;
			children = (
				C9694AD720914C140095A985 /* UsefulFunctionsForEveryProject */,
				C9694AEC20914C150095A985 /* UsefulFunctionsForEveryProjectTests */,
				C9694AF720914C150095A985 /* UsefulFunctionsForEveryProjectUITests */,
				C9694AD620914C140095A985 /* Products */,
			);
			sourceTree = "<group>";
		};
		C9694AD620914C140095A985 /* Products */ = {
			isa = PBXGroup;
			children = (
				C9694AD520914C140095A985 /* UsefulFunctionsForEveryProject.app */,
				C9694AE920914C150095A985 /* UsefulFunctionsForEveryProjectTests.xctest */,
				C9694AF420914C150095A985 /* UsefulFunctionsForEveryProjectUITests.xctest */,
			);
			name = Products;
			sourceTree = "<group>";
		};
		C9694AD720914C140095A985 /* UsefulFunctionsForEveryProject */ = {
			isa = PBXGroup;
			children = (
				C9694AD820914C140095A985 /* AppDelegate.swift */,
				C9694ADA20914C140095A985 /* ViewController.swift */,
				C9694ADC20914C140095A985 /* Main.storyboard */,
				C9694ADF20914C140095A985 /* Assets.xcassets */,
				C9694AE120914C140095A985 /* LaunchScreen.storyboard */,
				C9694AE420914C140095A985 /* Info.plist */,
			);
			path = UsefulFunctionsForEveryProject;
			sourceTree = "<group>";
		};
		C9694AEC20914C150095A985 /* UsefulFunctionsForEveryProjectTests */ = {
			isa = PBXGroup;
			children = (
				C9694AED20914C150095A985 /* UsefulFunctionsForEveryProjectTests.swift */,
				C9694AEF20914C150095A985 /* Info.plist */,
			);
			path = UsefulFunctionsForEveryProjectTests;
			sourceTree = "<group>";
		};
		C9694AF720914C150095A985 /* UsefulFunctionsForEveryProjectUITests */ = {
			isa = PBXGroup;
			children = (
				C9694AF820914C150095A985 /* UsefulFunctionsForEveryProjectUITests.swift */,
				C9694AFA20914C150095A985 /* Info.plist */,
			);
			path = UsefulFunctionsForEveryProjectUITests;
			sourceTree = "<group>";
		};
/* End PBXGroup section */

/* Begin PBXNativeTarget section */
		C9694AD420914C140095A985 /* UsefulFunctionsForEveryProject */ = {
			isa = PBXNativeTarget;
			buildConfigurationList = C9694AFD20914C150095A985 /* Build configuration list for PBXNativeTarget "UsefulFunctionsForEveryProject" */;
			buildPhases = (
				C9694AD120914C140095A985 /* Sources */,
				C9694AD220914C140095A985 /* Frameworks */,
				C9694AD320914C140095A985 /* Resources */,
			);
			buildRules = (
			);
			dependencies = (
			);
			name = UsefulFunctionsForEveryProject;
			productName = UsefulFunctionsForEveryProject;
			productReference = C9694AD520914C140095A985 /* UsefulFunctionsForEveryProject.app */;
			productType = "com.apple.product-type.application";
		};
		C9694AE820914C150095A985 /* UsefulFunctionsForEveryProjectTests */ = {
			isa = PBXNativeTarget;
			buildConfigurationList = C9694B0020914C150095A985 /* Build configuration list for PBXNativeTarget "UsefulFunctionsForEveryProjectTests" */;
			buildPhases = (
				C9694AE520914C150095A985 /* Sources */,
				C9694AE620914C150095A985 /* Frameworks */,
				C9694AE720914C150095A985 /* Resources */,
			);
			buildRules = (
			);
			dependencies = (
				C9694AEB20914C150095A985 /* PBXTargetDependency */,
			);
			name = UsefulFunctionsForEveryProjectTests;
			productName = UsefulFunctionsForEveryProjectTests;
			productReference = C9694AE920914C150095A985 /* UsefulFunctionsForEveryProjectTests.xctest */;
			productType = "com.apple.product-type.bundle.unit-test";
		};
		C9694AF320914C150095A985 /* UsefulFunctionsForEveryProjectUITests */ = {
			isa = PBXNativeTarget;
			buildConfigurationList = C9694B0320914C150095A985 /* Build configuration list for PBXNativeTarget "UsefulFunctionsForEveryProjectUITests" */;
			buildPhases = (
				C9694AF020914C150095A985 /* Sources */,
				C9694AF120914C150095A985 /* Frameworks */,
				C9694AF220914C150095A985 /* Resources */,
			);
			buildRules = (
			);
			dependencies = (
				C9694AF620914C150095A985 /* PBXTargetDependency */,
			);
			name = UsefulFunctionsForEveryProjectUITests;
			productName = UsefulFunctionsForEveryProjectUITests;
			productReference = C9694AF420914C150095A985 /* UsefulFunctionsForEveryProjectUITests.xctest */;
			productType = "com.apple.product-type.bundle.ui-testing";
		};
/* End PBXNativeTarget section */

/* Begin PBXProject section */
		C9694ACD20914C140095A985 /* Project object */ = {
			isa = PBXProject;
			attributes = {
				LastSwiftUpdateCheck = 0930;
				LastUpgradeCheck = 0930;
				ORGANIZATIONNAME = "Richard Frnka";
				TargetAttributes = {
					C9694AD420914C140095A985 = {
						CreatedOnToolsVersion = 9.3;
					};
					C9694AE820914C150095A985 = {
						CreatedOnToolsVersion = 9.3;
						TestTargetID = C9694AD420914C140095A985;
					};
					C9694AF320914C150095A985 = {
						CreatedOnToolsVersion = 9.3;
						TestTargetID = C9694AD420914C140095A985;
					};
				};
			};
			buildConfigurationList = C9694AD020914C140095A985 /* Build configuration list for PBXProject "UsefulFunctionsForEveryProject" */;
			compatibilityVersion = "Xcode 9.3";
			developmentRegion = en;
			hasScannedForEncodings = 0;
			knownRegions = (
				en,
				Base,
			);
			mainGroup = C9694ACC20914C140095A985;
			productRefGroup = C9694AD620914C140095A985 /* Products */;
			projectDirPath = "";
			projectRoot = "";
			targets = (
				C9694AD420914C140095A985 /* UsefulFunctionsForEveryProject */,
				C9694AE820914C150095A985 /* UsefulFunctionsForEveryProjectTests */,
				C9694AF320914C150095A985 /* UsefulFunctionsForEveryProjectUITests */,
			);
		};
/* End PBXProject section */

/* Begin PBXResourcesBuildPhase section */
		C9694AD320914C140095A985 /* Resources */ = {
			isa = PBXResourcesBuildPhase;
			buildActionMask = 2147483647;
			files = (
				C9694AE320914C140095A985 /* LaunchScreen.storyboard in Resources */,
				C9694AE020914C140095A985 /* Assets.xcassets in Resources */,
				C9694ADE20914C140095A985 /* Main.storyboard in Resources */,
			);
			runOnlyForDeploymentPostprocessing = 0;
		};
		C9694AE720914C150095A985 /* Resources */ = {
			isa = PBXResourcesBuildPhase;
			buildActionMask = 2147483647;
			files = (
			);
			runOnlyForDeploymentPostprocessing = 0;
		};
		C9694AF220914C150095A985 /* Resources */ = {
			isa = PBXResourcesBuildPhase;
			buildActionMask = 2147483647;
			files = (
			);
			runOnlyForDeploymentPostprocessing = 0;
		};
/* End PBXResourcesBuildPhase section */

/* Begin PBXSourcesBuildPhase section */
		C9694AD120914C140095A985 /* Sources */ = {
			isa = PBXSourcesBuildPhase;
			buildActionMask = 2147483647;
			files = (
				C9694ADB20914C140095A985 /* ViewController.swift in Sources */,
				C9694AD920914C140095A985 /* AppDelegate.swift in Sources */,
			);
			runOnlyForDeploymentPostprocessing = 0;
		};
		C9694AE520914C150095A985 /* Sources */ = {
			isa = PBXSourcesBuildPhase;
			buildActionMask = 2147483647;
			files = (
				C9694AEE20914C150095A985 /* UsefulFunctionsForEveryProjectTests.swift in Sources */,
			);
			runOnlyForDeploymentPostprocessing = 0;
		};
		C9694AF020914C150095A985 /* Sources */ = {
			isa = PBXSourcesBuildPhase;
			buildActionMask = 2147483647;
			files = (
				C9694AF920914C150095A985 /* UsefulFunctionsForEveryProjectUITests.swift in Sources */,
			);
			runOnlyForDeploymentPostprocessing = 0;
		};
/* End PBXSourcesBuildPhase section */

/* Begin PBXTargetDependency section */
		C9694AEB20914C150095A985 /* PBXTargetDependency */ = {
			isa = PBXTargetDependency;
			target = C9694AD420914C140095A985 /* UsefulFunctionsForEveryProject */;
			targetProxy = C9694AEA20914C150095A985 /* PBXContainerItemProxy */;
		};
		C9694AF620914C150095A985 /* PBXTargetDependency */ = {
			isa = PBXTargetDependency;
			target = C9694AD420914C140095A985 /* UsefulFunctionsForEveryProject */;
			targetProxy = C9694AF520914C150095A985 /* PBXContainerItemProxy */;
		};
/* End PBXTargetDependency section */

/* Begin PBXVariantGroup section */
		C9694ADC20914C140095A985 /* Main.storyboard */ = {
			isa = PBXVariantGroup;
			children = (
				C9694ADD20914C140095A985 /* Base */,
			);
			name = Main.storyboard;
			sourceTree = "<group>";
		};
		C9694AE120914C140095A985 /* LaunchScreen.storyboard */ = {
			isa = PBXVariantGroup;
			children = (
				C9694AE220914C140095A985 /* Base */,
			);
			name = LaunchScreen.storyboard;
			sourceTree = "<group>";
		};
/* End PBXVariantGroup section */

/* Begin XCBuildConfiguration section */
		C9694AFB20914C150095A985 /* Debug */ = {
			isa = XCBuildConfiguration;
			buildSettings = {
				ALWAYS_SEARCH_USER_PATHS = NO;
				CLANG_ANALYZER_NONNULL = YES;
				CLANG_ANALYZER_NUMBER_OBJECT_CONVERSION = YES_AGGRESSIVE;
				CLANG_CXX_LANGUAGE_STANDARD = "gnu++14";
				CLANG_CXX_LIBRARY = "libc++";
				CLANG_ENABLE_MODULES = YES;
				CLANG_ENABLE_OBJC_ARC = YES;
				CLANG_ENABLE_OBJC_WEAK = YES;
				CLANG_WARN_BLOCK_CAPTURE_AUTORELEASING = YES;
				CLANG_WARN_BOOL_CONVERSION = YES;
				CLANG_WARN_COMMA = YES;
				CLANG_WARN_CONSTANT_CONVERSION = YES;
				CLANG_WARN_DEPRECATED_OBJC_IMPLEMENTATIONS = YES;
				CLANG_WARN_DIRECT_OBJC_ISA_USAGE = YES_ERROR;
				CLANG_WARN_DOCUMENTATION_COMMENTS = YES;
				CLANG_WARN_EMPTY_BODY = YES;
				CLANG_WARN_ENUM_CONVERSION = YES;
				CLANG_WARN_INFINITE_RECURSION = YES;
				CLANG_WARN_INT_CONVERSION = YES;
				CLANG_WARN_NON_LITERAL_NULL_CONVERSION = YES;
				CLANG_WARN_OBJC_IMPLICIT_RETAIN_SELF = YES;
				CLANG_WARN_OBJC_LITERAL_CONVERSION = YES;
				CLANG_WARN_OBJC_ROOT_CLASS = YES_ERROR;
				CLANG_WARN_RANGE_LOOP_ANALYSIS = YES;
				CLANG_WARN_STRICT_PROTOTYPES = YES;
				CLANG_WARN_SUSPICIOUS_MOVE = YES;
				CLANG_WARN_UNGUARDED_AVAILABILITY = YES_AGGRESSIVE;
				CLANG_WARN_UNREACHABLE_CODE = YES;
				CLANG_WARN__DUPLICATE_METHOD_MATCH = YES;
				CODE_SIGN_IDENTITY = "iPhone Developer";
				COPY_PHASE_STRIP = NO;
				DEBUG_INFORMATION_FORMAT = dwarf;
				ENABLE_STRICT_OBJC_MSGSEND = YES;
				ENABLE_TESTABILITY = YES;
				GCC_C_LANGUAGE_STANDARD = gnu11;
				GCC_DYNAMIC_NO_PIC = NO;
				GCC_NO_COMMON_BLOCKS = YES;
				GCC_OPTIMIZATION_LEVEL = 0;
				GCC_PREPROCESSOR_DEFINITIONS = (
					"DEBUG=1",
					"$(inherited)",
				);
				GCC_WARN_64_TO_32_BIT_CONVERSION = YES;
				GCC_WARN_ABOUT_RETURN_TYPE = YES_ERROR;
				GCC_WARN_UNDECLARED_SELECTOR = YES;
				GCC_WARN_UNINITIALIZED_AUTOS = YES_AGGRESSIVE;
				GCC_WARN_UNUSED_FUNCTION = YES;
				GCC_WARN_UNUSED_VARIABLE = YES;
				IPHONEOS_DEPLOYMENT_TARGET = 11.3;
				MTL_ENABLE_DEBUG_INFO = YES;
				ONLY_ACTIVE_ARCH = YES;
				SDKROOT = iphoneos;
				SWIFT_ACTIVE_COMPILATION_CONDITIONS = DEBUG;
				SWIFT_OPTIMIZATION_LEVEL = "-Onone";
			};
			name = Debug;
		};
		C9694AFC20914C150095A985 /* Release */ = {
			isa = XCBuildConfiguration;
			buildSettings = {
				ALWAYS_SEARCH_USER_PATHS = NO;
				CLANG_ANALYZER_NONNULL = YES;
				CLANG_ANALYZER_NUMBER_OBJECT_CONVERSION = YES_AGGRESSIVE;
				CLANG_CXX_LANGUAGE_STANDARD = "gnu++14";
				CLANG_CXX_LIBRARY = "libc++";
				CLANG_ENABLE_MODULES = YES;
				CLANG_ENABLE_OBJC_ARC = YES;
				CLANG_ENABLE_OBJC_WEAK = YES;
				CLANG_WARN_BLOCK_CAPTURE_AUTORELEASING = YES;
				CLANG_WARN_BOOL_CONVERSION = YES;
				CLANG_WARN_COMMA = YES;
				CLANG_WARN_CONSTANT_CONVERSION = YES;
				CLANG_WARN_DEPRECATED_OBJC_IMPLEMENTATIONS = YES;
				CLANG_WARN_DIRECT_OBJC_ISA_USAGE = YES_ERROR;
				CLANG_WARN_DOCUMENTATION_COMMENTS = YES;
				CLANG_WARN_EMPTY_BODY = YES;
				CLANG_WARN_ENUM_CONVERSION = YES;
				CLANG_WARN_INFINITE_RECURSION = YES;
				CLANG_WARN_INT_CONVERSION = YES;
				CLANG_WARN_NON_LITERAL_NULL_CONVERSION = YES;
				CLANG_WARN_OBJC_IMPLICIT_RETAIN_SELF = YES;
				CLANG_WARN_OBJC_LITERAL_CONVERSION = YES;
				CLANG_WARN_OBJC_ROOT_CLASS = YES_ERROR;
				CLANG_WARN_RANGE_LOOP_ANALYSIS = YES;
				CLANG_WARN_STRICT_PROTOTYPES = YES;
				CLANG_WARN_SUSPICIOUS_MOVE = YES;
				CLANG_WARN_UNGUARDED_AVAILABILITY = YES_AGGRESSIVE;
				CLANG_WARN_UNREACHABLE_CODE = YES;
				CLANG_WARN__DUPLICATE_METHOD_MATCH = YES;
				CODE_SIGN_IDENTITY = "iPhone Developer";
				COPY_PHASE_STRIP = NO;
				DEBUG_INFORMATION_FORMAT = "dwarf-with-dsym";
				ENABLE_NS_ASSERTIONS = NO;
				ENABLE_STRICT_OBJC_MSGSEND = YES;
				GCC_C_LANGUAGE_STANDARD = gnu11;
				GCC_NO_COMMON_BLOCKS = YES;
				GCC_WARN_64_TO_32_BIT_CONVERSION = YES;
				GCC_WARN_ABOUT_RETURN_TYPE = YES_ERROR;
				GCC_WARN_UNDECLARED_SELECTOR = YES;
				GCC_WARN_UNINITIALIZED_AUTOS = YES_AGGRESSIVE;
				GCC_WARN_UNUSED_FUNCTION = YES;
				GCC_WARN_UNUSED_VARIABLE = YES;
				IPHONEOS_DEPLOYMENT_TARGET = 11.3;
				MTL_ENABLE_DEBUG_INFO = NO;
				SDKROOT = iphoneos;
				SWIFT_COMPILATION_MODE = wholemodule;
				SWIFT_OPTIMIZATION_LEVEL = "-O";
				VALIDATE_PRODUCT = YES;
			};
			name = Release;
		};
		C9694AFE20914C150095A985 /* Debug */ = {
			isa = XCBuildConfiguration;
			buildSettings = {
				ASSETCATALOG_COMPILER_APPICON_NAME = AppIcon;
				CODE_SIGN_STYLE = Automatic;
				DEVELOPMENT_TEAM = S95MMWUR5M;
				INFOPLIST_FILE = UsefulFunctionsForEveryProject/Info.plist;
				LD_RUNPATH_SEARCH_PATHS = (
					"$(inherited)",
					"@executable_path/Frameworks",
				);
				PRODUCT_BUNDLE_IDENTIFIER = com.cleversolve.UsefulFunctionsForEveryProject;
				PRODUCT_NAME = "$(TARGET_NAME)";
				SWIFT_VERSION = 4.0;
				TARGETED_DEVICE_FAMILY = "1,2";
			};
			name = Debug;
		};
		C9694AFF20914C150095A985 /* Release */ = {
			isa = XCBuildConfiguration;
			buildSettings = {
				ASSETCATALOG_COMPILER_APPICON_NAME = AppIcon;
				CODE_SIGN_STYLE = Automatic;
				DEVELOPMENT_TEAM = S95MMWUR5M;
				INFOPLIST_FILE = UsefulFunctionsForEveryProject/Info.plist;
				LD_RUNPATH_SEARCH_PATHS = (
					"$(inherited)",
					"@executable_path/Frameworks",
				);
				PRODUCT_BUNDLE_IDENTIFIER = com.cleversolve.UsefulFunctionsForEveryProject;
				PRODUCT_NAME = "$(TARGET_NAME)";
				SWIFT_VERSION = 4.0;
				TARGETED_DEVICE_FAMILY = "1,2";
			};
			name = Release;
		};
		C9694B0120914C150095A985 /* Debug */ = {
			isa = XCBuildConfiguration;
			buildSettings = {
				ALWAYS_EMBED_SWIFT_STANDARD_LIBRARIES = YES;
				BUNDLE_LOADER = "$(TEST_HOST)";
				CODE_SIGN_STYLE = Automatic;
				DEVELOPMENT_TEAM = S95MMWUR5M;
				INFOPLIST_FILE = UsefulFunctionsForEveryProjectTests/Info.plist;
				LD_RUNPATH_SEARCH_PATHS = (
					"$(inherited)",
					"@executable_path/Frameworks",
					"@loader_path/Frameworks",
				);
				PRODUCT_BUNDLE_IDENTIFIER = com.cleversolve.UsefulFunctionsForEveryProjectTests;
				PRODUCT_NAME = "$(TARGET_NAME)";
				SWIFT_VERSION = 4.0;
				TARGETED_DEVICE_FAMILY = "1,2";
				TEST_HOST = "$(BUILT_PRODUCTS_DIR)/UsefulFunctionsForEveryProject.app/UsefulFunctionsForEveryProject";
			};
			name = Debug;
		};
		C9694B0220914C150095A985 /* Release */ = {
			isa = XCBuildConfiguration;
			buildSettings = {
				ALWAYS_EMBED_SWIFT_STANDARD_LIBRARIES = YES;
				BUNDLE_LOADER = "$(TEST_HOST)";
				CODE_SIGN_STYLE = Automatic;
				DEVELOPMENT_TEAM = S95MMWUR5M;
				INFOPLIST_FILE = UsefulFunctionsForEveryProjectTests/Info.plist;
				LD_RUNPATH_SEARCH_PATHS = (
					"$(inherited)",
					"@executable_path/Frameworks",
					"@loader_path/Frameworks",
				);
				PRODUCT_BUNDLE_IDENTIFIER = com.cleversolve.UsefulFunctionsForEveryProjectTests;
				PRODUCT_NAME = "$(TARGET_NAME)";
				SWIFT_VERSION = 4.0;
				TARGETED_DEVICE_FAMILY = "1,2";
				TEST_HOST = "$(BUILT_PRODUCTS_DIR)/UsefulFunctionsForEveryProject.app/UsefulFunctionsForEveryProject";
			};
			name = Release;
		};
		C9694B0420914C150095A985 /* Debug */ = {
			isa = XCBuildConfiguration;
			buildSettings = {
				ALWAYS_EMBED_SWIFT_STANDARD_LIBRARIES = YES;
				CODE_SIGN_STYLE = Automatic;
				DEVELOPMENT_TEAM = S95MMWUR5M;
				INFOPLIST_FILE = UsefulFunctionsForEveryProjectUITests/Info.plist;
				LD_RUNPATH_SEARCH_PATHS = (
					"$(inherited)",
					"@executable_path/Frameworks",
					"@loader_path/Frameworks",
				);
				PRODUCT_BUNDLE_IDENTIFIER = com.cleversolve.UsefulFunctionsForEveryProjectUITests;
				PRODUCT_NAME = "$(TARGET_NAME)";
				SWIFT_VERSION = 4.0;
				TARGETED_DEVICE_FAMILY = "1,2";
				TEST_TARGET_NAME = UsefulFunctionsForEveryProject;
			};
			name = Debug;
		};
		C9694B0520914C150095A985 /* Release */ = {
			isa = XCBuildConfiguration;
			buildSettings = {
				ALWAYS_EMBED_SWIFT_STANDARD_LIBRARIES = YES;
				CODE_SIGN_STYLE = Automatic;
				DEVELOPMENT_TEAM = S95MMWUR5M;
				INFOPLIST_FILE = UsefulFunctionsForEveryProjectUITests/Info.plist;
				LD_RUNPATH_SEARCH_PATHS = (
					"$(inherited)",
					"@executable_path/Frameworks",
					"@loader_path/Frameworks",
				);
				PRODUCT_BUNDLE_IDENTIFIER = com.cleversolve.UsefulFunctionsForEveryProjectUITests;
				PRODUCT_NAME = "$(TARGET_NAME)";
				SWIFT_VERSION = 4.0;
				TARGETED_DEVICE_FAMILY = "1,2";
				TEST_TARGET_NAME = UsefulFunctionsForEveryProject;
			};
			name = Release;
		};
/* End XCBuildConfiguration section */

/* Begin XCConfigurationList section */
		C9694AD020914C140095A985 /* Build configuration list for PBXProject "UsefulFunctionsForEveryProject" */ = {
			isa = XCConfigurationList;
			buildConfigurations = (
				C9694AFB20914C150095A985 /* Debug */,
				C9694AFC20914C150095A985 /* Release */,
			);
			defaultConfigurationIsVisible = 0;
			defaultConfigurationName = Release;
		};
		C9694AFD20914C150095A985 /* Build configuration list for PBXNativeTarget "UsefulFunctionsForEveryProject" */ = {
			isa = XCConfigurationList;
			buildConfigurations = (
				C9694AFE20914C150095A985 /* Debug */,
				C9694AFF20914C150095A985 /* Release */,
			);
			defaultConfigurationIsVisible = 0;
			defaultConfigurationName = Release;
		};
		C9694B0020914C150095A985 /* Build configuration list for PBXNativeTarget "UsefulFunctionsForEveryProjectTests" */ = {
			isa = XCConfigurationList;
			buildConfigurations = (
				C9694B0120914C150095A985 /* Debug */,
				C9694B0220914C150095A985 /* Release */,
			);
			defaultConfigurationIsVisible = 0;
			defaultConfigurationName = Release;
		};
		C9694B0320914C150095A985 /* Build configuration list for PBXNativeTarget "UsefulFunctionsForEveryProjectUITests" */ = {
			isa = XCConfigurationList;
			buildConfigurations = (
				C9694B0420914C150095A985 /* Debug */,
				C9694B0520914C150095A985 /* Release */,
			);
			defaultConfigurationIsVisible = 0;
			defaultConfigurationName = Release;
		};
/* End XCConfigurationList section */
	};
	rootObject = C9694ACD20914C140095A985 /* Project object */;
}
