// !$*UTF8*$!
{
	archiveVersion = 1;
	classes = {
	};
	objectVersion = 50;
	objects = {

/* Begin PBXBuildFile section */
		C9694A4B208FDB3F0095A985 /* AppDelegate.swift in Sources */ = {isa = PBXBuildFile; fileRef = C9694A4A208FDB3F0095A985 /* AppDelegate.swift */; };
		C9694A4D208FDB3F0095A985 /* PBViewController.swift in Sources */ = {isa = PBXBuildFile; fileRef = C9694A4C208FDB3F0095A985 /* PBViewController.swift */; };
		C9694A50208FDB3F0095A985 /* Main.storyboard in Resources */ = {isa = PBXBuildFile; fileRef = C9694A4E208FDB3F0095A985 /* Main.storyboard */; };
		C9694A52208FDB400095A985 /* Assets.xcassets in Resources */ = {isa = PBXBuildFile; fileRef = C9694A51208FDB400095A985 /* Assets.xcassets */; };
		C9694A55208FDB400095A985 /* LaunchScreen.storyboard in Resources */ = {isa = PBXBuildFile; fileRef = C9694A53208FDB400095A985 /* LaunchScreen.storyboard */; };
		C9694A79208FDBB80095A985 /* ProgressBarView.swift in Sources */ = {isa = PBXBuildFile; fileRef = C9694A78208FDBB80095A985 /* ProgressBarView.swift */; };
/* End PBXBuildFile section */

/* Begin PBXContainerItemProxy section */
		C9694A5C208FDB400095A985 /* PBXContainerItemProxy */ = {
			isa = PBXContainerItemProxy;
			containerPortal = C9694A3F208FDB3F0095A985 /* Project object */;
			proxyType = 1;
			remoteGlobalIDString = C9694A46208FDB3F0095A985;
			remoteInfo = ProgressBarPractice;
		};
		C9694A67208FDB400095A985 /* PBXContainerItemProxy */ = {
			isa = PBXContainerItemProxy;
			containerPortal = C9694A3F208FDB3F0095A985 /* Project object */;
			proxyType = 1;
			remoteGlobalIDString = C9694A46208FDB3F0095A985;
			remoteInfo = ProgressBarPractice;
		};
/* End PBXContainerItemProxy section */

/* Begin PBXFileReference section */
		C9694A47208FDB3F0095A985 /* ProgressBarPractice.app */ = {isa = PBXFileReference; explicitFileType = wrapper.application; includeInIndex = 0; path = ProgressBarPractice.app; sourceTree = BUILT_PRODUCTS_DIR; };
		C9694A4A208FDB3F0095A985 /* AppDelegate.swift */ = {isa = PBXFileReference; lastKnownFileType = sourcecode.swift; path = AppDelegate.swift; sourceTree = "<group>"; };
		C9694A4C208FDB3F0095A985 /* PBViewController.swift */ = {isa = PBXFileReference; lastKnownFileType = sourcecode.swift; path = PBViewController.swift; sourceTree = "<group>"; };
		C9694A4F208FDB3F0095A985 /* Base */ = {isa = PBXFileReference; lastKnownFileType = file.storyboard; name = Base; path = Base.lproj/Main.storyboard; sourceTree = "<group>"; };
		C9694A51208FDB400095A985 /* Assets.xcassets */ = {isa = PBXFileReference; lastKnownFileType = folder.assetcatalog; path = Assets.xcassets; sourceTree = "<group>"; };
		C9694A54208FDB400095A985 /* Base */ = {isa = PBXFileReference; lastKnownFileType = file.storyboard; name = Base; path = Base.lproj/LaunchScreen.storyboard; sourceTree = "<group>"; };
		C9694A56208FDB400095A985 /* Info.plist */ = {isa = PBXFileReference; lastKnownFileType = text.plist.xml; path = Info.plist; sourceTree = "<group>"; };
		C9694A5B208FDB400095A985 /* ProgressBarPracticeTests.xctest */ = {isa = PBXFileReference; explicitFileType = wrapper.cfbundle; includeInIndex = 0; path = ProgressBarPracticeTests.xctest; sourceTree = BUILT_PRODUCTS_DIR; };
		C9694A66208FDB400095A985 /* ProgressBarPracticeUITests.xctest */ = {isa = PBXFileReference; explicitFileType = wrapper.cfbundle; includeInIndex = 0; path = ProgressBarPracticeUITests.xctest; sourceTree = BUILT_PRODUCTS_DIR; };
		C9694A78208FDBB80095A985 /* ProgressBarView.swift */ = {isa = PBXFileReference; lastKnownFileType = sourcecode.swift; path = ProgressBarView.swift; sourceTree = "<group>"; };
/* End PBXFileReference section */

/* Begin PBXFrameworksBuildPhase section */
		C9694A44208FDB3F0095A985 /* Frameworks */ = {
			isa = PBXFrameworksBuildPhase;
			buildActionMask = 2147483647;
			files = (
			);
			runOnlyForDeploymentPostprocessing = 0;
		};
		C9694A58208FDB400095A985 /* Frameworks */ = {
			isa = PBXFrameworksBuildPhase;
			buildActionMask = 2147483647;
			files = (
			);
			runOnlyForDeploymentPostprocessing = 0;
		};
		C9694A63208FDB400095A985 /* Frameworks */ = {
			isa = PBXFrameworksBuildPhase;
			buildActionMask = 2147483647;
			files = (
			);
			runOnlyForDeploymentPostprocessing = 0;
		};
/* End PBXFrameworksBuildPhase section */

/* Begin PBXGroup section */
		C9694A3E208FDB3F0095A985 = {
			isa = PBXGroup;
			children = (
				C9694A49208FDB3F0095A985 /* ProgressBarPractice */,
				C9694A48208FDB3F0095A985 /* Products */,
			);
			sourceTree = "<group>";
		};
		C9694A48208FDB3F0095A985 /* Products */ = {
			isa = PBXGroup;
			children = (
				C9694A47208FDB3F0095A985 /* ProgressBarPractice.app */,
				C9694A5B208FDB400095A985 /* ProgressBarPracticeTests.xctest */,
				C9694A66208FDB400095A985 /* ProgressBarPracticeUITests.xctest */,
			);
			name = Products;
			sourceTree = "<group>";
		};
		C9694A49208FDB3F0095A985 /* ProgressBarPractice */ = {
			isa = PBXGroup;
			children = (
				C9694A4A208FDB3F0095A985 /* AppDelegate.swift */,
				C9694A4C208FDB3F0095A985 /* PBViewController.swift */,
				C9694A78208FDBB80095A985 /* ProgressBarView.swift */,
				C9694A4E208FDB3F0095A985 /* Main.storyboard */,
				C9694A51208FDB400095A985 /* Assets.xcassets */,
				C9694A53208FDB400095A985 /* LaunchScreen.storyboard */,
				C9694A56208FDB400095A985 /* Info.plist */,
			);
			path = ProgressBarPractice;
			sourceTree = "<group>";
		};
/* End PBXGroup section */

/* Begin PBXNativeTarget section */
		C9694A46208FDB3F0095A985 /* ProgressBarPractice */ = {
			isa = PBXNativeTarget;
			buildConfigurationList = C9694A6F208FDB400095A985 /* Build configuration list for PBXNativeTarget "ProgressBarPractice" */;
			buildPhases = (
				C9694A43208FDB3F0095A985 /* Sources */,
				C9694A44208FDB3F0095A985 /* Frameworks */,
				C9694A45208FDB3F0095A985 /* Resources */,
			);
			buildRules = (
			);
			dependencies = (
			);
			name = ProgressBarPractice;
			productName = ProgressBarPractice;
			productReference = C9694A47208FDB3F0095A985 /* ProgressBarPractice.app */;
			productType = "com.apple.product-type.application";
		};
		C9694A5A208FDB400095A985 /* ProgressBarPracticeTests */ = {
			isa = PBXNativeTarget;
			buildConfigurationList = C9694A72208FDB400095A985 /* Build configuration list for PBXNativeTarget "ProgressBarPracticeTests" */;
			buildPhases = (
				C9694A57208FDB400095A985 /* Sources */,
				C9694A58208FDB400095A985 /* Frameworks */,
				C9694A59208FDB400095A985 /* Resources */,
			);
			buildRules = (
			);
			dependencies = (
				C9694A5D208FDB400095A985 /* PBXTargetDependency */,
			);
			name = ProgressBarPracticeTests;
			productName = ProgressBarPracticeTests;
			productReference = C9694A5B208FDB400095A985 /* ProgressBarPracticeTests.xctest */;
			productType = "com.apple.product-type.bundle.unit-test";
		};
		C9694A65208FDB400095A985 /* ProgressBarPracticeUITests */ = {
			isa = PBXNativeTarget;
			buildConfigurationList = C9694A75208FDB400095A985 /* Build configuration list for PBXNativeTarget "ProgressBarPracticeUITests" */;
			buildPhases = (
				C9694A62208FDB400095A985 /* Sources */,
				C9694A63208FDB400095A985 /* Frameworks */,
				C9694A64208FDB400095A985 /* Resources */,
			);
			buildRules = (
			);
			dependencies = (
				C9694A68208FDB400095A985 /* PBXTargetDependency */,
			);
			name = ProgressBarPracticeUITests;
			productName = ProgressBarPracticeUITests;
			productReference = C9694A66208FDB400095A985 /* ProgressBarPracticeUITests.xctest */;
			productType = "com.apple.product-type.bundle.ui-testing";
		};
/* End PBXNativeTarget section */

/* Begin PBXProject section */
		C9694A3F208FDB3F0095A985 /* Project object */ = {
			isa = PBXProject;
			attributes = {
				LastSwiftUpdateCheck = 0930;
				LastUpgradeCheck = 0930;
				ORGANIZATIONNAME = "Richard Frnka";
				TargetAttributes = {
					C9694A46208FDB3F0095A985 = {
						CreatedOnToolsVersion = 9.3;
					};
					C9694A5A208FDB400095A985 = {
						CreatedOnToolsVersion = 9.3;
						TestTargetID = C9694A46208FDB3F0095A985;
					};
					C9694A65208FDB400095A985 = {
						CreatedOnToolsVersion = 9.3;
						TestTargetID = C9694A46208FDB3F0095A985;
					};
				};
			};
			buildConfigurationList = C9694A42208FDB3F0095A985 /* Build configuration list for PBXProject "ProgressBarPractice" */;
			compatibilityVersion = "Xcode 9.3";
			developmentRegion = en;
			hasScannedForEncodings = 0;
			knownRegions = (
				en,
				Base,
			);
			mainGroup = C9694A3E208FDB3F0095A985;
			productRefGroup = C9694A48208FDB3F0095A985 /* Products */;
			projectDirPath = "";
			projectRoot = "";
			targets = (
				C9694A46208FDB3F0095A985 /* ProgressBarPractice */,
				C9694A5A208FDB400095A985 /* ProgressBarPracticeTests */,
				C9694A65208FDB400095A985 /* ProgressBarPracticeUITests */,
			);
		};
/* End PBXProject section */

/* Begin PBXResourcesBuildPhase section */
		C9694A45208FDB3F0095A985 /* Resources */ = {
			isa = PBXResourcesBuildPhase;
			buildActionMask = 2147483647;
			files = (
				C9694A55208FDB400095A985 /* LaunchScreen.storyboard in Resources */,
				C9694A52208FDB400095A985 /* Assets.xcassets in Resources */,
				C9694A50208FDB3F0095A985 /* Main.storyboard in Resources */,
			);
			runOnlyForDeploymentPostprocessing = 0;
		};
		C9694A59208FDB400095A985 /* Resources */ = {
			isa = PBXResourcesBuildPhase;
			buildActionMask = 2147483647;
			files = (
			);
			runOnlyForDeploymentPostprocessing = 0;
		};
		C9694A64208FDB400095A985 /* Resources */ = {
			isa = PBXResourcesBuildPhase;
			buildActionMask = 2147483647;
			files = (
			);
			runOnlyForDeploymentPostprocessing = 0;
		};
/* End PBXResourcesBuildPhase section */

/* Begin PBXSourcesBuildPhase section */
		C9694A43208FDB3F0095A985 /* Sources */ = {
			isa = PBXSourcesBuildPhase;
			buildActionMask = 2147483647;
			files = (
				C9694A4D208FDB3F0095A985 /* PBViewController.swift in Sources */,
				C9694A79208FDBB80095A985 /* ProgressBarView.swift in Sources */,
				C9694A4B208FDB3F0095A985 /* AppDelegate.swift in Sources */,
			);
			runOnlyForDeploymentPostprocessing = 0;
		};
		C9694A57208FDB400095A985 /* Sources */ = {
			isa = PBXSourcesBuildPhase;
			buildActionMask = 2147483647;
			files = (
			);
			runOnlyForDeploymentPostprocessing = 0;
		};
		C9694A62208FDB400095A985 /* Sources */ = {
			isa = PBXSourcesBuildPhase;
			buildActionMask = 2147483647;
			files = (
			);
			runOnlyForDeploymentPostprocessing = 0;
		};
/* End PBXSourcesBuildPhase section */

/* Begin PBXTargetDependency section */
		C9694A5D208FDB400095A985 /* PBXTargetDependency */ = {
			isa = PBXTargetDependency;
			target = C9694A46208FDB3F0095A985 /* ProgressBarPractice */;
			targetProxy = C9694A5C208FDB400095A985 /* PBXContainerItemProxy */;
		};
		C9694A68208FDB400095A985 /* PBXTargetDependency */ = {
			isa = PBXTargetDependency;
			target = C9694A46208FDB3F0095A985 /* ProgressBarPractice */;
			targetProxy = C9694A67208FDB400095A985 /* PBXContainerItemProxy */;
		};
/* End PBXTargetDependency section */

/* Begin PBXVariantGroup section */
		C9694A4E208FDB3F0095A985 /* Main.storyboard */ = {
			isa = PBXVariantGroup;
			children = (
				C9694A4F208FDB3F0095A985 /* Base */,
			);
			name = Main.storyboard;
			sourceTree = "<group>";
		};
		C9694A53208FDB400095A985 /* LaunchScreen.storyboard */ = {
			isa = PBXVariantGroup;
			children = (
				C9694A54208FDB400095A985 /* Base */,
			);
			name = LaunchScreen.storyboard;
			sourceTree = "<group>";
		};
/* End PBXVariantGroup section */

/* Begin XCBuildConfiguration section */
		C9694A6D208FDB400095A985 /* Debug */ = {
			isa = XCBuildConfiguration;
			buildSettings = {
				ALWAYS_SEARCH_USER_PATHS = NO;
				CLANG_ANALYZER_NONNULL = YES;
				CLANG_ANALYZER_NUMBER_OBJECT_CONVERSION = YES_AGGRESSIVE;
				CLANG_CXX_LANGUAGE_STANDARD = "gnu++14";
				CLANG_CXX_LIBRARY = "libc++";
				CLANG_ENABLE_MODULES = YES;
				CLANG_ENABLE_OBJC_ARC = YES;
				CLANG_ENABLE_OBJC_WEAK = YES;
				CLANG_WARN_BLOCK_CAPTURE_AUTORELEASING = YES;
				CLANG_WARN_BOOL_CONVERSION = YES;
				CLANG_WARN_COMMA = YES;
				CLANG_WARN_CONSTANT_CONVERSION = YES;
				CLANG_WARN_DEPRECATED_OBJC_IMPLEMENTATIONS = YES;
				CLANG_WARN_DIRECT_OBJC_ISA_USAGE = YES_ERROR;
				CLANG_WARN_DOCUMENTATION_COMMENTS = YES;
				CLANG_WARN_EMPTY_BODY = YES;
				CLANG_WARN_ENUM_CONVERSION = YES;
				CLANG_WARN_INFINITE_RECURSION = YES;
				CLANG_WARN_INT_CONVERSION = YES;
				CLANG_WARN_NON_LITERAL_NULL_CONVERSION = YES;
				CLANG_WARN_OBJC_IMPLICIT_RETAIN_SELF = YES;
				CLANG_WARN_OBJC_LITERAL_CONVERSION = YES;
				CLANG_WARN_OBJC_ROOT_CLASS = YES_ERROR;
				CLANG_WARN_RANGE_LOOP_ANALYSIS = YES;
				CLANG_WARN_STRICT_PROTOTYPES = YES;
				CLANG_WARN_SUSPICIOUS_MOVE = YES;
				CLANG_WARN_UNGUARDED_AVAILABILITY = YES_AGGRESSIVE;
				CLANG_WARN_UNREACHABLE_CODE = YES;
				CLANG_WARN__DUPLICATE_METHOD_MATCH = YES;
				CODE_SIGN_IDENTITY = "iPhone Developer";
				COPY_PHASE_STRIP = NO;
				DEBUG_INFORMATION_FORMAT = dwarf;
				ENABLE_STRICT_OBJC_MSGSEND = YES;
				ENABLE_TESTABILITY = YES;
				GCC_C_LANGUAGE_STANDARD = gnu11;
				GCC_DYNAMIC_NO_PIC = NO;
				GCC_NO_COMMON_BLOCKS = YES;
				GCC_OPTIMIZATION_LEVEL = 0;
				GCC_PREPROCESSOR_DEFINITIONS = (
					"DEBUG=1",
					"$(inherited)",
				);
				GCC_WARN_64_TO_32_BIT_CONVERSION = YES;
				GCC_WARN_ABOUT_RETURN_TYPE = YES_ERROR;
				GCC_WARN_UNDECLARED_SELECTOR = YES;
				GCC_WARN_UNINITIALIZED_AUTOS = YES_AGGRESSIVE;
				GCC_WARN_UNUSED_FUNCTION = YES;
				GCC_WARN_UNUSED_VARIABLE = YES;
				IPHONEOS_DEPLOYMENT_TARGET = 11.3;
				MTL_ENABLE_DEBUG_INFO = YES;
				ONLY_ACTIVE_ARCH = YES;
				SDKROOT = iphoneos;
				SWIFT_ACTIVE_COMPILATION_CONDITIONS = DEBUG;
				SWIFT_OPTIMIZATION_LEVEL = "-Onone";
			};
			name = Debug;
		};
		C9694A6E208FDB400095A985 /* Release */ = {
			isa = XCBuildConfiguration;
			buildSettings = {
				ALWAYS_SEARCH_USER_PATHS = NO;
				CLANG_ANALYZER_NONNULL = YES;
				CLANG_ANALYZER_NUMBER_OBJECT_CONVERSION = YES_AGGRESSIVE;
				CLANG_CXX_LANGUAGE_STANDARD = "gnu++14";
				CLANG_CXX_LIBRARY = "libc++";
				CLANG_ENABLE_MODULES = YES;
				CLANG_ENABLE_OBJC_ARC = YES;
				CLANG_ENABLE_OBJC_WEAK = YES;
				CLANG_WARN_BLOCK_CAPTURE_AUTORELEASING = YES;
				CLANG_WARN_BOOL_CONVERSION = YES;
				CLANG_WARN_COMMA = YES;
				CLANG_WARN_CONSTANT_CONVERSION = YES;
				CLANG_WARN_DEPRECATED_OBJC_IMPLEMENTATIONS = YES;
				CLANG_WARN_DIRECT_OBJC_ISA_USAGE = YES_ERROR;
				CLANG_WARN_DOCUMENTATION_COMMENTS = YES;
				CLANG_WARN_EMPTY_BODY = YES;
				CLANG_WARN_ENUM_CONVERSION = YES;
				CLANG_WARN_INFINITE_RECURSION = YES;
				CLANG_WARN_INT_CONVERSION = YES;
				CLANG_WARN_NON_LITERAL_NULL_CONVERSION = YES;
				CLANG_WARN_OBJC_IMPLICIT_RETAIN_SELF = YES;
				CLANG_WARN_OBJC_LITERAL_CONVERSION = YES;
				CLANG_WARN_OBJC_ROOT_CLASS = YES_ERROR;
				CLANG_WARN_RANGE_LOOP_ANALYSIS = YES;
				CLANG_WARN_STRICT_PROTOTYPES = YES;
				CLANG_WARN_SUSPICIOUS_MOVE = YES;
				CLANG_WARN_UNGUARDED_AVAILABILITY = YES_AGGRESSIVE;
				CLANG_WARN_UNREACHABLE_CODE = YES;
				CLANG_WARN__DUPLICATE_METHOD_MATCH = YES;
				CODE_SIGN_IDENTITY = "iPhone Developer";
				COPY_PHASE_STRIP = NO;
				DEBUG_INFORMATION_FORMAT = "dwarf-with-dsym";
				ENABLE_NS_ASSERTIONS = NO;
				ENABLE_STRICT_OBJC_MSGSEND = YES;
				GCC_C_LANGUAGE_STANDARD = gnu11;
				GCC_NO_COMMON_BLOCKS = YES;
				GCC_WARN_64_TO_32_BIT_CONVERSION = YES;
				GCC_WARN_ABOUT_RETURN_TYPE = YES_ERROR;
				GCC_WARN_UNDECLARED_SELECTOR = YES;
				GCC_WARN_UNINITIALIZED_AUTOS = YES_AGGRESSIVE;
				GCC_WARN_UNUSED_FUNCTION = YES;
				GCC_WARN_UNUSED_VARIABLE = YES;
				IPHONEOS_DEPLOYMENT_TARGET = 11.3;
				MTL_ENABLE_DEBUG_INFO = NO;
				SDKROOT = iphoneos;
				SWIFT_COMPILATION_MODE = wholemodule;
				SWIFT_OPTIMIZATION_LEVEL = "-O";
				VALIDATE_PRODUCT = YES;
			};
			name = Release;
		};
		C9694A70208FDB400095A985 /* Debug */ = {
			isa = XCBuildConfiguration;
			buildSettings = {
				ASSETCATALOG_COMPILER_APPICON_NAME = AppIcon;
				CODE_SIGN_STYLE = Automatic;
				DEVELOPMENT_TEAM = S95MMWUR5M;
				INFOPLIST_FILE = ProgressBarPractice/Info.plist;
				LD_RUNPATH_SEARCH_PATHS = (
					"$(inherited)",
					"@executable_path/Frameworks",
				);
				PRODUCT_BUNDLE_IDENTIFIER = com.cleversolve.ProgressBarPractice;
				PRODUCT_NAME = "$(TARGET_NAME)";
				SWIFT_VERSION = 4.0;
				TARGETED_DEVICE_FAMILY = "1,2";
			};
			name = Debug;
		};
		C9694A71208FDB400095A985 /* Release */ = {
			isa = XCBuildConfiguration;
			buildSettings = {
				ASSETCATALOG_COMPILER_APPICON_NAME = AppIcon;
				CODE_SIGN_STYLE = Automatic;
				DEVELOPMENT_TEAM = S95MMWUR5M;
				INFOPLIST_FILE = ProgressBarPractice/Info.plist;
				LD_RUNPATH_SEARCH_PATHS = (
					"$(inherited)",
					"@executable_path/Frameworks",
				);
				PRODUCT_BUNDLE_IDENTIFIER = com.cleversolve.ProgressBarPractice;
				PRODUCT_NAME = "$(TARGET_NAME)";
				SWIFT_VERSION = 4.0;
				TARGETED_DEVICE_FAMILY = "1,2";
			};
			name = Release;
		};
		C9694A73208FDB400095A985 /* Debug */ = {
			isa = XCBuildConfiguration;
			buildSettings = {
				ALWAYS_EMBED_SWIFT_STANDARD_LIBRARIES = YES;
				BUNDLE_LOADER = "$(TEST_HOST)";
				CODE_SIGN_STYLE = Automatic;
				DEVELOPMENT_TEAM = S95MMWUR5M;
				INFOPLIST_FILE = ProgressBarPracticeTests/Info.plist;
				LD_RUNPATH_SEARCH_PATHS = (
					"$(inherited)",
					"@executable_path/Frameworks",
					"@loader_path/Frameworks",
				);
				PRODUCT_BUNDLE_IDENTIFIER = com.cleversolve.ProgressBarPracticeTests;
				PRODUCT_NAME = "$(TARGET_NAME)";
				SWIFT_VERSION = 4.0;
				TARGETED_DEVICE_FAMILY = "1,2";
				TEST_HOST = "$(BUILT_PRODUCTS_DIR)/ProgressBarPractice.app/ProgressBarPractice";
			};
			name = Debug;
		};
		C9694A74208FDB400095A985 /* Release */ = {
			isa = XCBuildConfiguration;
			buildSettings = {
				ALWAYS_EMBED_SWIFT_STANDARD_LIBRARIES = YES;
				BUNDLE_LOADER = "$(TEST_HOST)";
				CODE_SIGN_STYLE = Automatic;
				DEVELOPMENT_TEAM = S95MMWUR5M;
				INFOPLIST_FILE = ProgressBarPracticeTests/Info.plist;
				LD_RUNPATH_SEARCH_PATHS = (
					"$(inherited)",
					"@executable_path/Frameworks",
					"@loader_path/Frameworks",
				);
				PRODUCT_BUNDLE_IDENTIFIER = com.cleversolve.ProgressBarPracticeTests;
				PRODUCT_NAME = "$(TARGET_NAME)";
				SWIFT_VERSION = 4.0;
				TARGETED_DEVICE_FAMILY = "1,2";
				TEST_HOST = "$(BUILT_PRODUCTS_DIR)/ProgressBarPractice.app/ProgressBarPractice";
			};
			name = Release;
		};
		C9694A76208FDB400095A985 /* Debug */ = {
			isa = XCBuildConfiguration;
			buildSettings = {
				ALWAYS_EMBED_SWIFT_STANDARD_LIBRARIES = YES;
				CODE_SIGN_STYLE = Automatic;
				DEVELOPMENT_TEAM = S95MMWUR5M;
				INFOPLIST_FILE = ProgressBarPracticeUITests/Info.plist;
				LD_RUNPATH_SEARCH_PATHS = (
					"$(inherited)",
					"@executable_path/Frameworks",
					"@loader_path/Frameworks",
				);
				PRODUCT_BUNDLE_IDENTIFIER = com.cleversolve.ProgressBarPracticeUITests;
				PRODUCT_NAME = "$(TARGET_NAME)";
				SWIFT_VERSION = 4.0;
				TARGETED_DEVICE_FAMILY = "1,2";
				TEST_TARGET_NAME = ProgressBarPractice;
			};
			name = Debug;
		};
		C9694A77208FDB400095A985 /* Release */ = {
			isa = XCBuildConfiguration;
			buildSettings = {
				ALWAYS_EMBED_SWIFT_STANDARD_LIBRARIES = YES;
				CODE_SIGN_STYLE = Automatic;
				DEVELOPMENT_TEAM = S95MMWUR5M;
				INFOPLIST_FILE = ProgressBarPracticeUITests/Info.plist;
				LD_RUNPATH_SEARCH_PATHS = (
					"$(inherited)",
					"@executable_path/Frameworks",
					"@loader_path/Frameworks",
				);
				PRODUCT_BUNDLE_IDENTIFIER = com.cleversolve.ProgressBarPracticeUITests;
				PRODUCT_NAME = "$(TARGET_NAME)";
				SWIFT_VERSION = 4.0;
				TARGETED_DEVICE_FAMILY = "1,2";
				TEST_TARGET_NAME = ProgressBarPractice;
			};
			name = Release;
		};
/* End XCBuildConfiguration section */

/* Begin XCConfigurationList section */
		C9694A42208FDB3F0095A985 /* Build configuration list for PBXProject "ProgressBarPractice" */ = {
			isa = XCConfigurationList;
			buildConfigurations = (
				C9694A6D208FDB400095A985 /* Debug */,
				C9694A6E208FDB400095A985 /* Release */,
			);
			defaultConfigurationIsVisible = 0;
			defaultConfigurationName = Release;
		};
		C9694A6F208FDB400095A985 /* Build configuration list for PBXNativeTarget "ProgressBarPractice" */ = {
			isa = XCConfigurationList;
			buildConfigurations = (
				C9694A70208FDB400095A985 /* Debug */,
				C9694A71208FDB400095A985 /* Release */,
			);
			defaultConfigurationIsVisible = 0;
			defaultConfigurationName = Release;
		};
		C9694A72208FDB400095A985 /* Build configuration list for PBXNativeTarget "ProgressBarPracticeTests" */ = {
			isa = XCConfigurationList;
			buildConfigurations = (
				C9694A73208FDB400095A985 /* Debug */,
				C9694A74208FDB400095A985 /* Release */,
			);
			defaultConfigurationIsVisible = 0;
			defaultConfigurationName = Release;
		};
		C9694A75208FDB400095A985 /* Build configuration list for PBXNativeTarget "ProgressBarPracticeUITests" */ = {
			isa = XCConfigurationList;
			buildConfigurations = (
				C9694A76208FDB400095A985 /* Debug */,
				C9694A77208FDB400095A985 /* Release */,
			);
			defaultConfigurationIsVisible = 0;
			defaultConfigurationName = Release;
		};
/* End XCConfigurationList section */
	};
	rootObject = C9694A3F208FDB3F0095A985 /* Project object */;
}
