// !$*UTF8*$!
{
	archiveVersion = 1;
	classes = {
	};
	objectVersion = 50;
	objects = {

/* Begin PBXBuildFile section */
		C95C1E00209BB2BD002E66BD /* AppDelegate.swift in Sources */ = {isa = PBXBuildFile; fileRef = C95C1DFF209BB2BD002E66BD /* AppDelegate.swift */; };
		C95C1E02209BB2BD002E66BD /* ViewController.swift in Sources */ = {isa = PBXBuildFile; fileRef = C95C1E01209BB2BD002E66BD /* ViewController.swift */; };
		C95C1E05209BB2BD002E66BD /* Main.storyboard in Resources */ = {isa = PBXBuildFile; fileRef = C95C1E03209BB2BD002E66BD /* Main.storyboard */; };
		C95C1E07209BB2BF002E66BD /* Assets.xcassets in Resources */ = {isa = PBXBuildFile; fileRef = C95C1E06209BB2BF002E66BD /* Assets.xcassets */; };
		C95C1E0A209BB2BF002E66BD /* LaunchScreen.storyboard in Resources */ = {isa = PBXBuildFile; fileRef = C95C1E08209BB2BF002E66BD /* LaunchScreen.storyboard */; };
		C95C1E15209BB2BF002E66BD /* GraphTheoryTests.swift in Sources */ = {isa = PBXBuildFile; fileRef = C95C1E14209BB2BF002E66BD /* GraphTheoryTests.swift */; };
		C95C1E20209BB2BF002E66BD /* GraphTheoryUITests.swift in Sources */ = {isa = PBXBuildFile; fileRef = C95C1E1F209BB2BF002E66BD /* GraphTheoryUITests.swift */; };
		C9EBB23D20C0796C00A4B321 /* MinorViewController.swift in Sources */ = {isa = PBXBuildFile; fileRef = C9EBB23C20C0796C00A4B321 /* MinorViewController.swift */; };
		C9EBB23F20C07FDC00A4B321 /* NewMinorsViewController.swift in Sources */ = {isa = PBXBuildFile; fileRef = C9EBB23E20C07FDC00A4B321 /* NewMinorsViewController.swift */; };
/* End PBXBuildFile section */

/* Begin PBXContainerItemProxy section */
		C95C1E11209BB2BF002E66BD /* PBXContainerItemProxy */ = {
			isa = PBXContainerItemProxy;
			containerPortal = C95C1DF4209BB2BD002E66BD /* Project object */;
			proxyType = 1;
			remoteGlobalIDString = C95C1DFB209BB2BD002E66BD;
			remoteInfo = GraphTheory;
		};
		C95C1E1C209BB2BF002E66BD /* PBXContainerItemProxy */ = {
			isa = PBXContainerItemProxy;
			containerPortal = C95C1DF4209BB2BD002E66BD /* Project object */;
			proxyType = 1;
			remoteGlobalIDString = C95C1DFB209BB2BD002E66BD;
			remoteInfo = GraphTheory;
		};
/* End PBXContainerItemProxy section */

/* Begin PBXFileReference section */
		C95C1DFC209BB2BD002E66BD /* GraphTheory.app */ = {isa = PBXFileReference; explicitFileType = wrapper.application; includeInIndex = 0; path = GraphTheory.app; sourceTree = BUILT_PRODUCTS_DIR; };
		C95C1DFF209BB2BD002E66BD /* AppDelegate.swift */ = {isa = PBXFileReference; lastKnownFileType = sourcecode.swift; path = AppDelegate.swift; sourceTree = "<group>"; };
		C95C1E01209BB2BD002E66BD /* ViewController.swift */ = {isa = PBXFileReference; lastKnownFileType = sourcecode.swift; path = ViewController.swift; sourceTree = "<group>"; };
		C95C1E04209BB2BD002E66BD /* Base */ = {isa = PBXFileReference; lastKnownFileType = file.storyboard; name = Base; path = Base.lproj/Main.storyboard; sourceTree = "<group>"; };
		C95C1E06209BB2BF002E66BD /* Assets.xcassets */ = {isa = PBXFileReference; lastKnownFileType = folder.assetcatalog; path = Assets.xcassets; sourceTree = "<group>"; };
		C95C1E09209BB2BF002E66BD /* Base */ = {isa = PBXFileReference; lastKnownFileType = file.storyboard; name = Base; path = Base.lproj/LaunchScreen.storyboard; sourceTree = "<group>"; };
		C95C1E0B209BB2BF002E66BD /* Info.plist */ = {isa = PBXFileReference; lastKnownFileType = text.plist.xml; path = Info.plist; sourceTree = "<group>"; };
		C95C1E10209BB2BF002E66BD /* GraphTheoryTests.xctest */ = {isa = PBXFileReference; explicitFileType = wrapper.cfbundle; includeInIndex = 0; path = GraphTheoryTests.xctest; sourceTree = BUILT_PRODUCTS_DIR; };
		C95C1E14209BB2BF002E66BD /* GraphTheoryTests.swift */ = {isa = PBXFileReference; lastKnownFileType = sourcecode.swift; path = GraphTheoryTests.swift; sourceTree = "<group>"; };
		C95C1E16209BB2BF002E66BD /* Info.plist */ = {isa = PBXFileReference; lastKnownFileType = text.plist.xml; path = Info.plist; sourceTree = "<group>"; };
		C95C1E1B209BB2BF002E66BD /* GraphTheoryUITests.xctest */ = {isa = PBXFileReference; explicitFileType = wrapper.cfbundle; includeInIndex = 0; path = GraphTheoryUITests.xctest; sourceTree = BUILT_PRODUCTS_DIR; };
		C95C1E1F209BB2BF002E66BD /* GraphTheoryUITests.swift */ = {isa = PBXFileReference; lastKnownFileType = sourcecode.swift; path = GraphTheoryUITests.swift; sourceTree = "<group>"; };
		C95C1E21209BB2BF002E66BD /* Info.plist */ = {isa = PBXFileReference; lastKnownFileType = text.plist.xml; path = Info.plist; sourceTree = "<group>"; };
		C9EBB23C20C0796C00A4B321 /* MinorViewController.swift */ = {isa = PBXFileReference; lastKnownFileType = sourcecode.swift; path = MinorViewController.swift; sourceTree = "<group>"; };
		C9EBB23E20C07FDC00A4B321 /* NewMinorsViewController.swift */ = {isa = PBXFileReference; lastKnownFileType = sourcecode.swift; path = NewMinorsViewController.swift; sourceTree = "<group>"; };
/* End PBXFileReference section */

/* Begin PBXFrameworksBuildPhase section */
		C95C1DF9209BB2BD002E66BD /* Frameworks */ = {
			isa = PBXFrameworksBuildPhase;
			buildActionMask = 2147483647;
			files = (
			);
			runOnlyForDeploymentPostprocessing = 0;
		};
		C95C1E0D209BB2BF002E66BD /* Frameworks */ = {
			isa = PBXFrameworksBuildPhase;
			buildActionMask = 2147483647;
			files = (
			);
			runOnlyForDeploymentPostprocessing = 0;
		};
		C95C1E18209BB2BF002E66BD /* Frameworks */ = {
			isa = PBXFrameworksBuildPhase;
			buildActionMask = 2147483647;
			files = (
			);
			runOnlyForDeploymentPostprocessing = 0;
		};
/* End PBXFrameworksBuildPhase section */

/* Begin PBXGroup section */
		C95C1DF3209BB2BD002E66BD = {
			isa = PBXGroup;
			children = (
				C95C1DFE209BB2BD002E66BD /* GraphTheory */,
				C95C1E13209BB2BF002E66BD /* GraphTheoryTests */,
				C95C1E1E209BB2BF002E66BD /* GraphTheoryUITests */,
				C95C1DFD209BB2BD002E66BD /* Products */,
			);
			sourceTree = "<group>";
		};
		C95C1DFD209BB2BD002E66BD /* Products */ = {
			isa = PBXGroup;
			children = (
				C95C1DFC209BB2BD002E66BD /* GraphTheory.app */,
				C95C1E10209BB2BF002E66BD /* GraphTheoryTests.xctest */,
				C95C1E1B209BB2BF002E66BD /* GraphTheoryUITests.xctest */,
			);
			name = Products;
			sourceTree = "<group>";
		};
		C95C1DFE209BB2BD002E66BD /* GraphTheory */ = {
			isa = PBXGroup;
			children = (
				C95C1DFF209BB2BD002E66BD /* AppDelegate.swift */,
				C95C1E01209BB2BD002E66BD /* ViewController.swift */,
				C9EBB23E20C07FDC00A4B321 /* NewMinorsViewController.swift */,
				C9EBB23C20C0796C00A4B321 /* MinorViewController.swift */,
				C95C1E03209BB2BD002E66BD /* Main.storyboard */,
				C95C1E06209BB2BF002E66BD /* Assets.xcassets */,
				C95C1E08209BB2BF002E66BD /* LaunchScreen.storyboard */,
				C95C1E0B209BB2BF002E66BD /* Info.plist */,
			);
			path = GraphTheory;
			sourceTree = "<group>";
		};
		C95C1E13209BB2BF002E66BD /* GraphTheoryTests */ = {
			isa = PBXGroup;
			children = (
				C95C1E14209BB2BF002E66BD /* GraphTheoryTests.swift */,
				C95C1E16209BB2BF002E66BD /* Info.plist */,
			);
			path = GraphTheoryTests;
			sourceTree = "<group>";
		};
		C95C1E1E209BB2BF002E66BD /* GraphTheoryUITests */ = {
			isa = PBXGroup;
			children = (
				C95C1E1F209BB2BF002E66BD /* GraphTheoryUITests.swift */,
				C95C1E21209BB2BF002E66BD /* Info.plist */,
			);
			path = GraphTheoryUITests;
			sourceTree = "<group>";
		};
/* End PBXGroup section */

/* Begin PBXNativeTarget section */
		C95C1DFB209BB2BD002E66BD /* GraphTheory */ = {
			isa = PBXNativeTarget;
			buildConfigurationList = C95C1E24209BB2BF002E66BD /* Build configuration list for PBXNativeTarget "GraphTheory" */;
			buildPhases = (
				C95C1DF8209BB2BD002E66BD /* Sources */,
				C95C1DF9209BB2BD002E66BD /* Frameworks */,
				C95C1DFA209BB2BD002E66BD /* Resources */,
			);
			buildRules = (
			);
			dependencies = (
			);
			name = GraphTheory;
			productName = GraphTheory;
			productReference = C95C1DFC209BB2BD002E66BD /* GraphTheory.app */;
			productType = "com.apple.product-type.application";
		};
		C95C1E0F209BB2BF002E66BD /* GraphTheoryTests */ = {
			isa = PBXNativeTarget;
			buildConfigurationList = C95C1E27209BB2BF002E66BD /* Build configuration list for PBXNativeTarget "GraphTheoryTests" */;
			buildPhases = (
				C95C1E0C209BB2BF002E66BD /* Sources */,
				C95C1E0D209BB2BF002E66BD /* Frameworks */,
				C95C1E0E209BB2BF002E66BD /* Resources */,
			);
			buildRules = (
			);
			dependencies = (
				C95C1E12209BB2BF002E66BD /* PBXTargetDependency */,
			);
			name = GraphTheoryTests;
			productName = GraphTheoryTests;
			productReference = C95C1E10209BB2BF002E66BD /* GraphTheoryTests.xctest */;
			productType = "com.apple.product-type.bundle.unit-test";
		};
		C95C1E1A209BB2BF002E66BD /* GraphTheoryUITests */ = {
			isa = PBXNativeTarget;
			buildConfigurationList = C95C1E2A209BB2BF002E66BD /* Build configuration list for PBXNativeTarget "GraphTheoryUITests" */;
			buildPhases = (
				C95C1E17209BB2BF002E66BD /* Sources */,
				C95C1E18209BB2BF002E66BD /* Frameworks */,
				C95C1E19209BB2BF002E66BD /* Resources */,
			);
			buildRules = (
			);
			dependencies = (
				C95C1E1D209BB2BF002E66BD /* PBXTargetDependency */,
			);
			name = GraphTheoryUITests;
			productName = GraphTheoryUITests;
			productReference = C95C1E1B209BB2BF002E66BD /* GraphTheoryUITests.xctest */;
			productType = "com.apple.product-type.bundle.ui-testing";
		};
/* End PBXNativeTarget section */

/* Begin PBXProject section */
		C95C1DF4209BB2BD002E66BD /* Project object */ = {
			isa = PBXProject;
			attributes = {
				LastSwiftUpdateCheck = 0930;
				LastUpgradeCheck = 0930;
				ORGANIZATIONNAME = "Richard Frnka";
				TargetAttributes = {
					C95C1DFB209BB2BD002E66BD = {
						CreatedOnToolsVersion = 9.3;
					};
					C95C1E0F209BB2BF002E66BD = {
						CreatedOnToolsVersion = 9.3;
						TestTargetID = C95C1DFB209BB2BD002E66BD;
					};
					C95C1E1A209BB2BF002E66BD = {
						CreatedOnToolsVersion = 9.3;
						TestTargetID = C95C1DFB209BB2BD002E66BD;
					};
				};
			};
			buildConfigurationList = C95C1DF7209BB2BD002E66BD /* Build configuration list for PBXProject "GraphTheory" */;
			compatibilityVersion = "Xcode 9.3";
			developmentRegion = en;
			hasScannedForEncodings = 0;
			knownRegions = (
				en,
				Base,
			);
			mainGroup = C95C1DF3209BB2BD002E66BD;
			productRefGroup = C95C1DFD209BB2BD002E66BD /* Products */;
			projectDirPath = "";
			projectRoot = "";
			targets = (
				C95C1DFB209BB2BD002E66BD /* GraphTheory */,
				C95C1E0F209BB2BF002E66BD /* GraphTheoryTests */,
				C95C1E1A209BB2BF002E66BD /* GraphTheoryUITests */,
			);
		};
/* End PBXProject section */

/* Begin PBXResourcesBuildPhase section */
		C95C1DFA209BB2BD002E66BD /* Resources */ = {
			isa = PBXResourcesBuildPhase;
			buildActionMask = 2147483647;
			files = (
				C95C1E0A209BB2BF002E66BD /* LaunchScreen.storyboard in Resources */,
				C95C1E07209BB2BF002E66BD /* Assets.xcassets in Resources */,
				C95C1E05209BB2BD002E66BD /* Main.storyboard in Resources */,
			);
			runOnlyForDeploymentPostprocessing = 0;
		};
		C95C1E0E209BB2BF002E66BD /* Resources */ = {
			isa = PBXResourcesBuildPhase;
			buildActionMask = 2147483647;
			files = (
			);
			runOnlyForDeploymentPostprocessing = 0;
		};
		C95C1E19209BB2BF002E66BD /* Resources */ = {
			isa = PBXResourcesBuildPhase;
			buildActionMask = 2147483647;
			files = (
			);
			runOnlyForDeploymentPostprocessing = 0;
		};
/* End PBXResourcesBuildPhase section */

/* Begin PBXSourcesBuildPhase section */
		C95C1DF8209BB2BD002E66BD /* Sources */ = {
			isa = PBXSourcesBuildPhase;
			buildActionMask = 2147483647;
			files = (
				C9EBB23D20C0796C00A4B321 /* MinorViewController.swift in Sources */,
				C9EBB23F20C07FDC00A4B321 /* NewMinorsViewController.swift in Sources */,
				C95C1E02209BB2BD002E66BD /* ViewController.swift in Sources */,
				C95C1E00209BB2BD002E66BD /* AppDelegate.swift in Sources */,
			);
			runOnlyForDeploymentPostprocessing = 0;
		};
		C95C1E0C209BB2BF002E66BD /* Sources */ = {
			isa = PBXSourcesBuildPhase;
			buildActionMask = 2147483647;
			files = (
				C95C1E15209BB2BF002E66BD /* GraphTheoryTests.swift in Sources */,
			);
			runOnlyForDeploymentPostprocessing = 0;
		};
		C95C1E17209BB2BF002E66BD /* Sources */ = {
			isa = PBXSourcesBuildPhase;
			buildActionMask = 2147483647;
			files = (
				C95C1E20209BB2BF002E66BD /* GraphTheoryUITests.swift in Sources */,
			);
			runOnlyForDeploymentPostprocessing = 0;
		};
/* End PBXSourcesBuildPhase section */

/* Begin PBXTargetDependency section */
		C95C1E12209BB2BF002E66BD /* PBXTargetDependency */ = {
			isa = PBXTargetDependency;
			target = C95C1DFB209BB2BD002E66BD /* GraphTheory */;
			targetProxy = C95C1E11209BB2BF002E66BD /* PBXContainerItemProxy */;
		};
		C95C1E1D209BB2BF002E66BD /* PBXTargetDependency */ = {
			isa = PBXTargetDependency;
			target = C95C1DFB209BB2BD002E66BD /* GraphTheory */;
			targetProxy = C95C1E1C209BB2BF002E66BD /* PBXContainerItemProxy */;
		};
/* End PBXTargetDependency section */

/* Begin PBXVariantGroup section */
		C95C1E03209BB2BD002E66BD /* Main.storyboard */ = {
			isa = PBXVariantGroup;
			children = (
				C95C1E04209BB2BD002E66BD /* Base */,
			);
			name = Main.storyboard;
			sourceTree = "<group>";
		};
		C95C1E08209BB2BF002E66BD /* LaunchScreen.storyboard */ = {
			isa = PBXVariantGroup;
			children = (
				C95C1E09209BB2BF002E66BD /* Base */,
			);
			name = LaunchScreen.storyboard;
			sourceTree = "<group>";
		};
/* End PBXVariantGroup section */

/* Begin XCBuildConfiguration section */
		C95C1E22209BB2BF002E66BD /* Debug */ = {
			isa = XCBuildConfiguration;
			buildSettings = {
				ALWAYS_SEARCH_USER_PATHS = NO;
				CLANG_ANALYZER_NONNULL = YES;
				CLANG_ANALYZER_NUMBER_OBJECT_CONVERSION = YES_AGGRESSIVE;
				CLANG_CXX_LANGUAGE_STANDARD = "gnu++14";
				CLANG_CXX_LIBRARY = "libc++";
				CLANG_ENABLE_MODULES = YES;
				CLANG_ENABLE_OBJC_ARC = YES;
				CLANG_ENABLE_OBJC_WEAK = YES;
				CLANG_WARN_BLOCK_CAPTURE_AUTORELEASING = YES;
				CLANG_WARN_BOOL_CONVERSION = YES;
				CLANG_WARN_COMMA = YES;
				CLANG_WARN_CONSTANT_CONVERSION = YES;
				CLANG_WARN_DEPRECATED_OBJC_IMPLEMENTATIONS = YES;
				CLANG_WARN_DIRECT_OBJC_ISA_USAGE = YES_ERROR;
				CLANG_WARN_DOCUMENTATION_COMMENTS = YES;
				CLANG_WARN_EMPTY_BODY = YES;
				CLANG_WARN_ENUM_CONVERSION = YES;
				CLANG_WARN_INFINITE_RECURSION = YES;
				CLANG_WARN_INT_CONVERSION = YES;
				CLANG_WARN_NON_LITERAL_NULL_CONVERSION = YES;
				CLANG_WARN_OBJC_IMPLICIT_RETAIN_SELF = YES;
				CLANG_WARN_OBJC_LITERAL_CONVERSION = YES;
				CLANG_WARN_OBJC_ROOT_CLASS = YES_ERROR;
				CLANG_WARN_RANGE_LOOP_ANALYSIS = YES;
				CLANG_WARN_STRICT_PROTOTYPES = YES;
				CLANG_WARN_SUSPICIOUS_MOVE = YES;
				CLANG_WARN_UNGUARDED_AVAILABILITY = YES_AGGRESSIVE;
				CLANG_WARN_UNREACHABLE_CODE = YES;
				CLANG_WARN__DUPLICATE_METHOD_MATCH = YES;
				CODE_SIGN_IDENTITY = "iPhone Developer";
				COPY_PHASE_STRIP = NO;
				DEBUG_INFORMATION_FORMAT = dwarf;
				ENABLE_STRICT_OBJC_MSGSEND = YES;
				ENABLE_TESTABILITY = YES;
				GCC_C_LANGUAGE_STANDARD = gnu11;
				GCC_DYNAMIC_NO_PIC = NO;
				GCC_NO_COMMON_BLOCKS = YES;
				GCC_OPTIMIZATION_LEVEL = 0;
				GCC_PREPROCESSOR_DEFINITIONS = (
					"DEBUG=1",
					"$(inherited)",
				);
				GCC_WARN_64_TO_32_BIT_CONVERSION = YES;
				GCC_WARN_ABOUT_RETURN_TYPE = YES_ERROR;
				GCC_WARN_UNDECLARED_SELECTOR = YES;
				GCC_WARN_UNINITIALIZED_AUTOS = YES_AGGRESSIVE;
				GCC_WARN_UNUSED_FUNCTION = YES;
				GCC_WARN_UNUSED_VARIABLE = YES;
				IPHONEOS_DEPLOYMENT_TARGET = 11.3;
				MTL_ENABLE_DEBUG_INFO = YES;
				ONLY_ACTIVE_ARCH = YES;
				SDKROOT = iphoneos;
				SWIFT_ACTIVE_COMPILATION_CONDITIONS = DEBUG;
				SWIFT_OPTIMIZATION_LEVEL = "-Onone";
			};
			name = Debug;
		};
		C95C1E23209BB2BF002E66BD /* Release */ = {
			isa = XCBuildConfiguration;
			buildSettings = {
				ALWAYS_SEARCH_USER_PATHS = NO;
				CLANG_ANALYZER_NONNULL = YES;
				CLANG_ANALYZER_NUMBER_OBJECT_CONVERSION = YES_AGGRESSIVE;
				CLANG_CXX_LANGUAGE_STANDARD = "gnu++14";
				CLANG_CXX_LIBRARY = "libc++";
				CLANG_ENABLE_MODULES = YES;
				CLANG_ENABLE_OBJC_ARC = YES;
				CLANG_ENABLE_OBJC_WEAK = YES;
				CLANG_WARN_BLOCK_CAPTURE_AUTORELEASING = YES;
				CLANG_WARN_BOOL_CONVERSION = YES;
				CLANG_WARN_COMMA = YES;
				CLANG_WARN_CONSTANT_CONVERSION = YES;
				CLANG_WARN_DEPRECATED_OBJC_IMPLEMENTATIONS = YES;
				CLANG_WARN_DIRECT_OBJC_ISA_USAGE = YES_ERROR;
				CLANG_WARN_DOCUMENTATION_COMMENTS = YES;
				CLANG_WARN_EMPTY_BODY = YES;
				CLANG_WARN_ENUM_CONVERSION = YES;
				CLANG_WARN_INFINITE_RECURSION = YES;
				CLANG_WARN_INT_CONVERSION = YES;
				CLANG_WARN_NON_LITERAL_NULL_CONVERSION = YES;
				CLANG_WARN_OBJC_IMPLICIT_RETAIN_SELF = YES;
				CLANG_WARN_OBJC_LITERAL_CONVERSION = YES;
				CLANG_WARN_OBJC_ROOT_CLASS = YES_ERROR;
				CLANG_WARN_RANGE_LOOP_ANALYSIS = YES;
				CLANG_WARN_STRICT_PROTOTYPES = YES;
				CLANG_WARN_SUSPICIOUS_MOVE = YES;
				CLANG_WARN_UNGUARDED_AVAILABILITY = YES_AGGRESSIVE;
				CLANG_WARN_UNREACHABLE_CODE = YES;
				CLANG_WARN__DUPLICATE_METHOD_MATCH = YES;
				CODE_SIGN_IDENTITY = "iPhone Developer";
				COPY_PHASE_STRIP = NO;
				DEBUG_INFORMATION_FORMAT = "dwarf-with-dsym";
				ENABLE_NS_ASSERTIONS = NO;
				ENABLE_STRICT_OBJC_MSGSEND = YES;
				GCC_C_LANGUAGE_STANDARD = gnu11;
				GCC_NO_COMMON_BLOCKS = YES;
				GCC_WARN_64_TO_32_BIT_CONVERSION = YES;
				GCC_WARN_ABOUT_RETURN_TYPE = YES_ERROR;
				GCC_WARN_UNDECLARED_SELECTOR = YES;
				GCC_WARN_UNINITIALIZED_AUTOS = YES_AGGRESSIVE;
				GCC_WARN_UNUSED_FUNCTION = YES;
				GCC_WARN_UNUSED_VARIABLE = YES;
				IPHONEOS_DEPLOYMENT_TARGET = 11.3;
				MTL_ENABLE_DEBUG_INFO = NO;
				SDKROOT = iphoneos;
				SWIFT_COMPILATION_MODE = wholemodule;
				SWIFT_OPTIMIZATION_LEVEL = "-O";
				VALIDATE_PRODUCT = YES;
			};
			name = Release;
		};
		C95C1E25209BB2BF002E66BD /* Debug */ = {
			isa = XCBuildConfiguration;
			buildSettings = {
				ASSETCATALOG_COMPILER_APPICON_NAME = AppIcon;
				CODE_SIGN_STYLE = Automatic;
				DEVELOPMENT_TEAM = S95MMWUR5M;
				INFOPLIST_FILE = GraphTheory/Info.plist;
				LD_RUNPATH_SEARCH_PATHS = (
					"$(inherited)",
					"@executable_path/Frameworks",
				);
				PRODUCT_BUNDLE_IDENTIFIER = com.cleversolve.GraphTheory;
				PRODUCT_NAME = "$(TARGET_NAME)";
				SWIFT_VERSION = 4.0;
				TARGETED_DEVICE_FAMILY = "1,2";
			};
			name = Debug;
		};
		C95C1E26209BB2BF002E66BD /* Release */ = {
			isa = XCBuildConfiguration;
			buildSettings = {
				ASSETCATALOG_COMPILER_APPICON_NAME = AppIcon;
				CODE_SIGN_STYLE = Automatic;
				DEVELOPMENT_TEAM = S95MMWUR5M;
				INFOPLIST_FILE = GraphTheory/Info.plist;
				LD_RUNPATH_SEARCH_PATHS = (
					"$(inherited)",
					"@executable_path/Frameworks",
				);
				PRODUCT_BUNDLE_IDENTIFIER = com.cleversolve.GraphTheory;
				PRODUCT_NAME = "$(TARGET_NAME)";
				SWIFT_VERSION = 4.0;
				TARGETED_DEVICE_FAMILY = "1,2";
			};
			name = Release;
		};
		C95C1E28209BB2BF002E66BD /* Debug */ = {
			isa = XCBuildConfiguration;
			buildSettings = {
				ALWAYS_EMBED_SWIFT_STANDARD_LIBRARIES = YES;
				BUNDLE_LOADER = "$(TEST_HOST)";
				CODE_SIGN_STYLE = Automatic;
				DEVELOPMENT_TEAM = S95MMWUR5M;
				INFOPLIST_FILE = GraphTheoryTests/Info.plist;
				LD_RUNPATH_SEARCH_PATHS = (
					"$(inherited)",
					"@executable_path/Frameworks",
					"@loader_path/Frameworks",
				);
				PRODUCT_BUNDLE_IDENTIFIER = com.cleversolve.GraphTheoryTests;
				PRODUCT_NAME = "$(TARGET_NAME)";
				SWIFT_VERSION = 4.0;
				TARGETED_DEVICE_FAMILY = "1,2";
				TEST_HOST = "$(BUILT_PRODUCTS_DIR)/GraphTheory.app/GraphTheory";
			};
			name = Debug;
		};
		C95C1E29209BB2BF002E66BD /* Release */ = {
			isa = XCBuildConfiguration;
			buildSettings = {
				ALWAYS_EMBED_SWIFT_STANDARD_LIBRARIES = YES;
				BUNDLE_LOADER = "$(TEST_HOST)";
				CODE_SIGN_STYLE = Automatic;
				DEVELOPMENT_TEAM = S95MMWUR5M;
				INFOPLIST_FILE = GraphTheoryTests/Info.plist;
				LD_RUNPATH_SEARCH_PATHS = (
					"$(inherited)",
					"@executable_path/Frameworks",
					"@loader_path/Frameworks",
				);
				PRODUCT_BUNDLE_IDENTIFIER = com.cleversolve.GraphTheoryTests;
				PRODUCT_NAME = "$(TARGET_NAME)";
				SWIFT_VERSION = 4.0;
				TARGETED_DEVICE_FAMILY = "1,2";
				TEST_HOST = "$(BUILT_PRODUCTS_DIR)/GraphTheory.app/GraphTheory";
			};
			name = Release;
		};
		C95C1E2B209BB2BF002E66BD /* Debug */ = {
			isa = XCBuildConfiguration;
			buildSettings = {
				ALWAYS_EMBED_SWIFT_STANDARD_LIBRARIES = YES;
				CODE_SIGN_STYLE = Automatic;
				DEVELOPMENT_TEAM = S95MMWUR5M;
				INFOPLIST_FILE = GraphTheoryUITests/Info.plist;
				LD_RUNPATH_SEARCH_PATHS = (
					"$(inherited)",
					"@executable_path/Frameworks",
					"@loader_path/Frameworks",
				);
				PRODUCT_BUNDLE_IDENTIFIER = com.cleversolve.GraphTheoryUITests;
				PRODUCT_NAME = "$(TARGET_NAME)";
				SWIFT_VERSION = 4.0;
				TARGETED_DEVICE_FAMILY = "1,2";
				TEST_TARGET_NAME = GraphTheory;
			};
			name = Debug;
		};
		C95C1E2C209BB2BF002E66BD /* Release */ = {
			isa = XCBuildConfiguration;
			buildSettings = {
				ALWAYS_EMBED_SWIFT_STANDARD_LIBRARIES = YES;
				CODE_SIGN_STYLE = Automatic;
				DEVELOPMENT_TEAM = S95MMWUR5M;
				INFOPLIST_FILE = GraphTheoryUITests/Info.plist;
				LD_RUNPATH_SEARCH_PATHS = (
					"$(inherited)",
					"@executable_path/Frameworks",
					"@loader_path/Frameworks",
				);
				PRODUCT_BUNDLE_IDENTIFIER = com.cleversolve.GraphTheoryUITests;
				PRODUCT_NAME = "$(TARGET_NAME)";
				SWIFT_VERSION = 4.0;
				TARGETED_DEVICE_FAMILY = "1,2";
				TEST_TARGET_NAME = GraphTheory;
			};
			name = Release;
		};
/* End XCBuildConfiguration section */

/* Begin XCConfigurationList section */
		C95C1DF7209BB2BD002E66BD /* Build configuration list for PBXProject "GraphTheory" */ = {
			isa = XCConfigurationList;
			buildConfigurations = (
				C95C1E22209BB2BF002E66BD /* Debug */,
				C95C1E23209BB2BF002E66BD /* Release */,
			);
			defaultConfigurationIsVisible = 0;
			defaultConfigurationName = Release;
		};
		C95C1E24209BB2BF002E66BD /* Build configuration list for PBXNativeTarget "GraphTheory" */ = {
			isa = XCConfigurationList;
			buildConfigurations = (
				C95C1E25209BB2BF002E66BD /* Debug */,
				C95C1E26209BB2BF002E66BD /* Release */,
			);
			defaultConfigurationIsVisible = 0;
			defaultConfigurationName = Release;
		};
		C95C1E27209BB2BF002E66BD /* Build configuration list for PBXNativeTarget "GraphTheoryTests" */ = {
			isa = XCConfigurationList;
			buildConfigurations = (
				C95C1E28209BB2BF002E66BD /* Debug */,
				C95C1E29209BB2BF002E66BD /* Release */,
			);
			defaultConfigurationIsVisible = 0;
			defaultConfigurationName = Release;
		};
		C95C1E2A209BB2BF002E66BD /* Build configuration list for PBXNativeTarget "GraphTheoryUITests" */ = {
			isa = XCConfigurationList;
			buildConfigurations = (
				C95C1E2B209BB2BF002E66BD /* Debug */,
				C95C1E2C209BB2BF002E66BD /* Release */,
			);
			defaultConfigurationIsVisible = 0;
			defaultConfigurationName = Release;
		};
/* End XCConfigurationList section */
	};
	rootObject = C95C1DF4209BB2BD002E66BD /* Project object */;
}
